
Microsoft Visual Studio Solution File, Format Version 12.00
Project("{FAE04EC0-301F-11D3-BF4B-00C04F79EFBC}") = "DentalApp", "DentalApp\DentalApp.csproj", "{C1809221-A863-4BC0-8133-857053E4E67E}"
EndProject
Project("{FAE04EC0-301F-11D3-BF4B-00C04F79EFBC}") = "DentalApp.Core", "DentalApp.Core\DentalApp.Core.csproj", "{CD679246-D6F0-4C6C-AA57-7CECA8ED5CE8}"
EndProject
Project("{FAE04EC0-301F-11D3-BF4B-00C04F79EFBC}") = "DentalApp.Infrastructure", "DentalApp.Infrastructure\DentalApp.Infrastructure.csproj", "{426719FB-60B8-4373-808C-71A5054FED7A}"
EndProject
Global
	GlobalSection(SolutionConfigurationPlatforms) = preSolution
		Debug|Any CPU = Debug|Any CPU
		Release|Any CPU = Release|Any CPU
	EndGlobalSection
	GlobalSection(ProjectConfigurationPlatforms) = postSolution
		{C1809221-A863-4BC0-8133-857053E4E67E}.Debug|Any CPU.ActiveCfg = Debug|Any CPU
		{C1809221-A863-4BC0-8133-857053E4E67E}.Debug|Any CPU.Build.0 = Debug|Any CPU
		{C1809221-A863-4BC0-8133-857053E4E67E}.Release|Any CPU.ActiveCfg = Release|Any CPU
		{C1809221-A863-4BC0-8133-857053E4E67E}.Release|Any CPU.Build.0 = Release|Any CPU
		{CD679246-D6F0-4C6C-AA57-7CECA8ED5CE8}.Debug|Any CPU.ActiveCfg = Debug|Any CPU
		{CD679246-D6F0-4C6C-AA57-7CECA8ED5CE8}.Debug|Any CPU.Build.0 = Debug|Any CPU
		{CD679246-D6F0-4C6C-AA57-7CECA8ED5CE8}.Release|Any CPU.ActiveCfg = Release|Any CPU
		{CD679246-D6F0-4C6C-AA57-7CECA8ED5CE8}.Release|Any CPU.Build.0 = Release|Any CPU
		{426719FB-60B8-4373-808C-71A5054FED7A}.Debug|Any CPU.ActiveCfg = Debug|Any CPU
		{426719FB-60B8-4373-808C-71A5054FED7A}.Debug|Any CPU.Build.0 = Debug|Any CPU
		{426719FB-60B8-4373-808C-71A5054FED7A}.Release|Any CPU.ActiveCfg = Release|Any CPU
		{426719FB-60B8-4373-808C-71A5054FED7A}.Release|Any CPU.Build.0 = Release|Any CPU
	EndGlobalSection
EndGlobal
